
Microsoft Visual Studio Solution File, Format Version 12.00
# Visual Studio Version 17
VisualStudioVersion = 17.3.32901.215
MinimumVisualStudioVersion = 10.0.40219.1
Project("{FAE04EC0-301F-11D3-BF4B-00C04F79EFBC}") = "ABCTree", "ABCTree\ABCTree.csproj", "{02AA3D36-DA42-4567-BD9B-CA01611243BE}"
EndProject
Global
	GlobalSection(SolutionConfigurationPlatforms) = preSolution
		Debug|Any CPU = Debug|Any CPU
		Release|Any CPU = Release|Any CPU
	EndGlobalSection
	GlobalSection(ProjectConfigurationPlatforms) = postSolution
		{02AA3D36-DA42-4567-BD9B-CA01611243BE}.Debug|Any CPU.ActiveCfg = Debug|Any CPU
		{02AA3D36-DA42-4567-BD9B-CA01611243BE}.Debug|Any CPU.Build.0 = Debug|Any CPU
		{02AA3D36-DA42-4567-BD9B-CA01611243BE}.Release|Any CPU.ActiveCfg = Release|Any CPU
		{02AA3D36-DA42-4567-BD9B-CA01611243BE}.Release|Any CPU.Build.0 = Release|Any CPU
	EndGlobalSection
	GlobalSection(SolutionProperties) = preSolution
		HideSolutionNode = FALSE
	EndGlobalSection
	GlobalSection(ExtensibilityGlobals) = postSolution
		SolutionGuid = {FAD68716-6F0C-4312-BAE7-5D0A6061A7B0}
	EndGlobalSection
EndGlobal
