
Microsoft Visual Studio Solution File, Format Version 12.00
# Visual Studio Version 17
VisualStudioVersion = 17.1.32328.378
MinimumVisualStudioVersion = 10.0.40219.1
Project("{FAE04EC0-301F-11D3-BF4B-00C04F79EFBC}") = "saod1_stack", "saod1_stack\saod1_stack.csproj", "{39EE1ABE-04FF-4803-B704-2598D18E72F0}"
EndProject
Global
	GlobalSection(SolutionConfigurationPlatforms) = preSolution
		Debug|Any CPU = Debug|Any CPU
		Release|Any CPU = Release|Any CPU
	EndGlobalSection
	GlobalSection(ProjectConfigurationPlatforms) = postSolution
		{39EE1ABE-04FF-4803-B704-2598D18E72F0}.Debug|Any CPU.ActiveCfg = Debug|Any CPU
		{39EE1ABE-04FF-4803-B704-2598D18E72F0}.Debug|Any CPU.Build.0 = Debug|Any CPU
		{39EE1ABE-04FF-4803-B704-2598D18E72F0}.Release|Any CPU.ActiveCfg = Release|Any CPU
		{39EE1ABE-04FF-4803-B704-2598D18E72F0}.Release|Any CPU.Build.0 = Release|Any CPU
	EndGlobalSection
	GlobalSection(SolutionProperties) = preSolution
		HideSolutionNode = FALSE
	EndGlobalSection
	GlobalSection(ExtensibilityGlobals) = postSolution
		SolutionGuid = {C3E73C93-1E93-4431-B7EF-7949E57A2F31}
	EndGlobalSection
EndGlobal
